
Microsoft Visual Studio Solution File, Format Version 12.00
# Visual Studio Version 17
VisualStudioVersion = 17.6.33717.318
MinimumVisualStudioVersion = 10.0.40219.1
Project("{FAE04EC0-301F-11D3-BF4B-00C04F79EFBC}") = "Contatore", "Contatore.csproj", "{1D953D11-80B0-460E-9448-EB3FB1B5E7FE}"
EndProject
Global
	GlobalSection(SolutionConfigurationPlatforms) = preSolution
		Debug|Any CPU = Debug|Any CPU
		Release|Any CPU = Release|Any CPU
	EndGlobalSection
	GlobalSection(ProjectConfigurationPlatforms) = postSolution
		{1D953D11-80B0-460E-9448-EB3FB1B5E7FE}.Debug|Any CPU.ActiveCfg = Debug|Any CPU
		{1D953D11-80B0-460E-9448-EB3FB1B5E7FE}.Debug|Any CPU.Build.0 = Debug|Any CPU
		{1D953D11-80B0-460E-9448-EB3FB1B5E7FE}.Release|Any CPU.ActiveCfg = Release|Any CPU
		{1D953D11-80B0-460E-9448-EB3FB1B5E7FE}.Release|Any CPU.Build.0 = Release|Any CPU
	EndGlobalSection
	GlobalSection(SolutionProperties) = preSolution
		HideSolutionNode = FALSE
	EndGlobalSection
	GlobalSection(ExtensibilityGlobals) = postSolution
		SolutionGuid = {45BBB4C6-5E7C-4F2B-BEA8-0D977D5E70CB}
	EndGlobalSection
EndGlobal
